
Microsoft Visual Studio Solution File, Format Version 12.00
# Visual Studio Version 17
VisualStudioVersion = 17.0.31903.59
MinimumVisualStudioVersion = 10.0.40219.1
Project("{FAE04EC0-301F-11D3-BF4B-00C04F79EFBC}") = "ProjectTasks.Api", "ProjectTasks.Api\ProjectTasks.Api.csproj", "{698EA6C8-815F-422C-8A76-BA4BF8D98321}"
EndProject
Project("{FAE04EC0-301F-11D3-BF4B-00C04F79EFBC}") = "ProjectTasks.Api.Tests.Unit", "ProjectTasks.Api.Tests.Unit\ProjectTasks.Api.Tests.Unit.csproj", "{811905CF-6AFE-45E2-92E1-34D666BAD249}"
EndProject
Project("{FAE04EC0-301F-11D3-BF4B-00C04F79EFBC}") = "ProjectTasks.CosmosDb", "ProjectTasks.CosmosDb\ProjectTasks.CosmosDb.csproj", "{3915DCAE-A9C0-48C0-A38B-0046262811B1}"
EndProject
Project("{FAE04EC0-301F-11D3-BF4B-00C04F79EFBC}") = "ProjectTasks.Sync", "ProjectTasks.Sync\ProjectTasks.Sync.csproj", "{56DA7F60-D00D-4811-AF98-D67E894CCFAC}"
EndProject
Global
	GlobalSection(SolutionConfigurationPlatforms) = preSolution
		Debug|Any CPU = Debug|Any CPU
		Release|Any CPU = Release|Any CPU
	EndGlobalSection
	GlobalSection(SolutionProperties) = preSolution
		HideSolutionNode = FALSE
	EndGlobalSection
	GlobalSection(ProjectConfigurationPlatforms) = postSolution
		{698EA6C8-815F-422C-8A76-BA4BF8D98321}.Debug|Any CPU.ActiveCfg = Debug|Any CPU
		{698EA6C8-815F-422C-8A76-BA4BF8D98321}.Debug|Any CPU.Build.0 = Debug|Any CPU
		{698EA6C8-815F-422C-8A76-BA4BF8D98321}.Release|Any CPU.ActiveCfg = Release|Any CPU
		{698EA6C8-815F-422C-8A76-BA4BF8D98321}.Release|Any CPU.Build.0 = Release|Any CPU
		{811905CF-6AFE-45E2-92E1-34D666BAD249}.Debug|Any CPU.ActiveCfg = Debug|Any CPU
		{811905CF-6AFE-45E2-92E1-34D666BAD249}.Debug|Any CPU.Build.0 = Debug|Any CPU
		{811905CF-6AFE-45E2-92E1-34D666BAD249}.Release|Any CPU.ActiveCfg = Release|Any CPU
		{811905CF-6AFE-45E2-92E1-34D666BAD249}.Release|Any CPU.Build.0 = Release|Any CPU
		{3915DCAE-A9C0-48C0-A38B-0046262811B1}.Debug|Any CPU.ActiveCfg = Debug|Any CPU
		{3915DCAE-A9C0-48C0-A38B-0046262811B1}.Debug|Any CPU.Build.0 = Debug|Any CPU
		{3915DCAE-A9C0-48C0-A38B-0046262811B1}.Release|Any CPU.ActiveCfg = Release|Any CPU
		{3915DCAE-A9C0-48C0-A38B-0046262811B1}.Release|Any CPU.Build.0 = Release|Any CPU
		{56DA7F60-D00D-4811-AF98-D67E894CCFAC}.Debug|Any CPU.ActiveCfg = Debug|Any CPU
		{56DA7F60-D00D-4811-AF98-D67E894CCFAC}.Debug|Any CPU.Build.0 = Debug|Any CPU
		{56DA7F60-D00D-4811-AF98-D67E894CCFAC}.Release|Any CPU.ActiveCfg = Release|Any CPU
		{56DA7F60-D00D-4811-AF98-D67E894CCFAC}.Release|Any CPU.Build.0 = Release|Any CPU
	EndGlobalSection
EndGlobal
